
Microsoft Visual Studio Solution File, Format Version 12.00
# Visual Studio Version 16
VisualStudioVersion = 16.0.30907.101
MinimumVisualStudioVersion = 10.0.40219.1
Project("{9A19103F-16F7-4668-BE54-9A1E7A4F7556}") = "Genshin.Api.Game", "Genshin.Api.Game\Genshin.Api.Game.csproj", "{2C452DDA-2B2E-41B7-A10D-6100AA106DAB}"
EndProject
Project("{9A19103F-16F7-4668-BE54-9A1E7A4F7556}") = "Genshin.Api.Shared", "Genshin.Api.Shared\Genshin.Api.Shared.csproj", "{5069701B-2BD1-43B2-BDF1-1274FA6011D1}"
EndProject
Project("{9A19103F-16F7-4668-BE54-9A1E7A4F7556}") = "Genshin.Api.Static", "Genshin.Api.Static\Genshin.Api.Static.csproj", "{E15DAD16-1623-4F17-B147-096493DF9B6F}"
EndProject
Project("{9A19103F-16F7-4668-BE54-9A1E7A4F7556}") = "Genshin.Api.Web", "Genshin.Api.Web\Genshin.Api.Web.csproj", "{91A1C264-81E5-467D-963C-9FC8506DFC4D}"
EndProject
Global
	GlobalSection(SolutionConfigurationPlatforms) = preSolution
		Debug|Any CPU = Debug|Any CPU
		Release|Any CPU = Release|Any CPU
	EndGlobalSection
	GlobalSection(ProjectConfigurationPlatforms) = postSolution
		{2C452DDA-2B2E-41B7-A10D-6100AA106DAB}.Debug|Any CPU.ActiveCfg = Debug|Any CPU
		{2C452DDA-2B2E-41B7-A10D-6100AA106DAB}.Debug|Any CPU.Build.0 = Debug|Any CPU
		{2C452DDA-2B2E-41B7-A10D-6100AA106DAB}.Release|Any CPU.ActiveCfg = Release|Any CPU
		{2C452DDA-2B2E-41B7-A10D-6100AA106DAB}.Release|Any CPU.Build.0 = Release|Any CPU
		{5069701B-2BD1-43B2-BDF1-1274FA6011D1}.Debug|Any CPU.ActiveCfg = Debug|Any CPU
		{5069701B-2BD1-43B2-BDF1-1274FA6011D1}.Debug|Any CPU.Build.0 = Debug|Any CPU
		{5069701B-2BD1-43B2-BDF1-1274FA6011D1}.Release|Any CPU.ActiveCfg = Release|Any CPU
		{5069701B-2BD1-43B2-BDF1-1274FA6011D1}.Release|Any CPU.Build.0 = Release|Any CPU
		{E15DAD16-1623-4F17-B147-096493DF9B6F}.Debug|Any CPU.ActiveCfg = Debug|Any CPU
		{E15DAD16-1623-4F17-B147-096493DF9B6F}.Debug|Any CPU.Build.0 = Debug|Any CPU
		{E15DAD16-1623-4F17-B147-096493DF9B6F}.Release|Any CPU.ActiveCfg = Release|Any CPU
		{E15DAD16-1623-4F17-B147-096493DF9B6F}.Release|Any CPU.Build.0 = Release|Any CPU
		{91A1C264-81E5-467D-963C-9FC8506DFC4D}.Debug|Any CPU.ActiveCfg = Debug|Any CPU
		{91A1C264-81E5-467D-963C-9FC8506DFC4D}.Debug|Any CPU.Build.0 = Debug|Any CPU
		{91A1C264-81E5-467D-963C-9FC8506DFC4D}.Release|Any CPU.ActiveCfg = Release|Any CPU
		{91A1C264-81E5-467D-963C-9FC8506DFC4D}.Release|Any CPU.Build.0 = Release|Any CPU
	EndGlobalSection
	GlobalSection(SolutionProperties) = preSolution
		HideSolutionNode = FALSE
	EndGlobalSection
	GlobalSection(ExtensibilityGlobals) = postSolution
		SolutionGuid = {2FC322B2-AC0F-4151-8AD5-7AD09FE06788}
	EndGlobalSection
EndGlobal
